
Microsoft Visual Studio Solution File, Format Version 12.00
# Visual Studio Version 16
VisualStudioVersion = 16.0.30204.135
MinimumVisualStudioVersion = 10.0.40219.1
Project("{FAE04EC0-301F-11D3-BF4B-00C04F79EFBC}") = "DesktopApp", "DesktopApp\DesktopApp.csproj", "{B969E09E-0DF0-4384-B50A-19A077D434F3}"
EndProject
Global
	GlobalSection(SolutionConfigurationPlatforms) = preSolution
		Debug|Any CPU = Debug|Any CPU
		Release|Any CPU = Release|Any CPU
	EndGlobalSection
	GlobalSection(ProjectConfigurationPlatforms) = postSolution
		{B969E09E-0DF0-4384-B50A-19A077D434F3}.Debug|Any CPU.ActiveCfg = Debug|Any CPU
		{B969E09E-0DF0-4384-B50A-19A077D434F3}.Debug|Any CPU.Build.0 = Debug|Any CPU
		{B969E09E-0DF0-4384-B50A-19A077D434F3}.Release|Any CPU.ActiveCfg = Release|Any CPU
		{B969E09E-0DF0-4384-B50A-19A077D434F3}.Release|Any CPU.Build.0 = Release|Any CPU
	EndGlobalSection
	GlobalSection(SolutionProperties) = preSolution
		HideSolutionNode = FALSE
	EndGlobalSection
	GlobalSection(ExtensibilityGlobals) = postSolution
		SolutionGuid = {02D4EFD2-9ABB-44CD-85B3-D749BC0712A6}
	EndGlobalSection
EndGlobal
